
Microsoft Visual Studio Solution File, Format Version 12.00
# Visual Studio Version 17
VisualStudioVersion = 17.8.34525.116
MinimumVisualStudioVersion = 10.0.40219.1
Project("{FAE04EC0-301F-11D3-BF4B-00C04F79EFBC}") = "ConsoleParesImpares", "ConsoleParesImpares\ConsoleParesImpares.csproj", "{D80B19FF-4EB5-4014-B195-E0DC3C0EE324}"
EndProject
Global
	GlobalSection(SolutionConfigurationPlatforms) = preSolution
		Debug|Any CPU = Debug|Any CPU
		Release|Any CPU = Release|Any CPU
	EndGlobalSection
	GlobalSection(ProjectConfigurationPlatforms) = postSolution
		{D80B19FF-4EB5-4014-B195-E0DC3C0EE324}.Debug|Any CPU.ActiveCfg = Debug|Any CPU
		{D80B19FF-4EB5-4014-B195-E0DC3C0EE324}.Debug|Any CPU.Build.0 = Debug|Any CPU
		{D80B19FF-4EB5-4014-B195-E0DC3C0EE324}.Release|Any CPU.ActiveCfg = Release|Any CPU
		{D80B19FF-4EB5-4014-B195-E0DC3C0EE324}.Release|Any CPU.Build.0 = Release|Any CPU
	EndGlobalSection
	GlobalSection(SolutionProperties) = preSolution
		HideSolutionNode = FALSE
	EndGlobalSection
	GlobalSection(ExtensibilityGlobals) = postSolution
		SolutionGuid = {360858B7-1A5A-450E-95DD-37F9C080FBE0}
	EndGlobalSection
EndGlobal
